{
    "_meta": {
        "hash": {
            "sha256": "ffe1ddb219d3eccd69451faa801ae2ce82b2760383bc61a507e8b4fbf68b7ee7"
        },
        "host-environment-markers": {
            "implementation_name": "cpython",
            "implementation_version": "3.6.4",
            "os_name": "nt",
            "platform_machine": "AMD64",
            "platform_python_implementation": "CPython",
            "platform_release": "7",
            "platform_system": "Windows",
            "platform_version": "6.1.7601",
            "python_full_version": "3.6.4",
            "python_version": "3.6",
            "sys_platform": "win32"
        },
        "pipfile-spec": 6,
        "requires": {
            "python_version": "3.6"
        },
        "sources": [
            {
                "name": "pypi",
                "url": "https://pypi.org/simple",
                "verify_ssl": true
            }
        ]
    },
    "default": {
        "atomicwrites": {
            "hashes": [],
            "version": "==1.1.5"
        },
        "attrs": {
            "hashes": [],
            "version": "==18.1.0"
        },
        "certifi": {
            "hashes": [],
            "version": "==2018.4.16"
        },
        "chardet": {
            "hashes": [],
            "version": "==3.0.4"
        },
        "colorama": {
            "hashes": [],
            "markers": "sys_platform == 'win32'",
            "version": "==0.3.9"
        },
        "e1839a8": {
            "editable": true,
            "path": "."
        },
        "fake-useragent": {
            "hashes": [],
            "version": "==0.1.10"
        },
        "graphviz": {
            "hashes": [],
            "version": "==0.8.3"
        },
        "idna": {
            "hashes": [],
            "version": "==2.6"
        },
        "more-itertools": {
            "hashes": [],
            "version": "==4.2.0"
        },
        "mxnet": {
            "hashes": [],
            "version": "==1.2.0"
        },
        "numpy": {
            "hashes": [],
            "version": "==1.14.3"
        },
        "pluggy": {
            "hashes": [],
            "version": "==0.6.0"
        },
        "py": {
            "hashes": [],
            "version": "==1.5.3"
        },
        "pytest": {
            "hashes": [],
            "version": "==3.6.0"
        },
        "requests": {
            "hashes": [],
            "version": "==2.18.4"
        },
        "six": {
            "hashes": [],
            "version": "==1.11.0"
        },
        "sqlalchemy": {
            "hashes": [],
            "version": "==1.2.8"
        },
        "urllib3": {
            "hashes": [],
            "version": "==1.22"
        }
    },
    "develop": {
        "atomicwrites": {
            "hashes": [],
            "version": "==1.1.5"
        },
        "attrs": {
            "hashes": [],
            "version": "==18.1.0"
        },
        "colorama": {
            "hashes": [],
            "markers": "sys_platform == 'win32'",
            "version": "==0.3.9"
        },
        "more-itertools": {
            "hashes": [],
            "version": "==4.2.0"
        },
        "pluggy": {
            "hashes": [],
            "version": "==0.6.0"
        },
        "py": {
            "hashes": [],
            "version": "==1.5.3"
        },
        "pytest": {
            "hashes": [],
            "version": "==3.6.0"
        },
        "six": {
            "hashes": [],
            "version": "==1.11.0"
        }
    }
}
